
Microsoft Visual Studio Solution File, Format Version 12.00
# Visual Studio 2012
Project("{FAE04EC0-301F-11D3-BF4B-00C04F79EFBC}") = "wsWalMart", "wsWalMart\wsWalMart.csproj", "{B64A2E2E-804D-4A8A-BD36-16B657771705}"
EndProject
Project("{FAE04EC0-301F-11D3-BF4B-00C04F79EFBC}") = "negWalMart", "..\negWalMart\negWalMart\negWalMart.csproj", "{955B4717-B110-49B2-B70F-D18263C1375C}"
EndProject
Global
	GlobalSection(SolutionConfigurationPlatforms) = preSolution
		Debug|Any CPU = Debug|Any CPU
		Release|Any CPU = Release|Any CPU
	EndGlobalSection
	GlobalSection(ProjectConfigurationPlatforms) = postSolution
		{B64A2E2E-804D-4A8A-BD36-16B657771705}.Debug|Any CPU.ActiveCfg = Debug|Any CPU
		{B64A2E2E-804D-4A8A-BD36-16B657771705}.Debug|Any CPU.Build.0 = Debug|Any CPU
		{B64A2E2E-804D-4A8A-BD36-16B657771705}.Release|Any CPU.ActiveCfg = Release|Any CPU
		{B64A2E2E-804D-4A8A-BD36-16B657771705}.Release|Any CPU.Build.0 = Release|Any CPU
		{955B4717-B110-49B2-B70F-D18263C1375C}.Debug|Any CPU.ActiveCfg = Debug|Any CPU
		{955B4717-B110-49B2-B70F-D18263C1375C}.Debug|Any CPU.Build.0 = Debug|Any CPU
		{955B4717-B110-49B2-B70F-D18263C1375C}.Release|Any CPU.ActiveCfg = Release|Any CPU
		{955B4717-B110-49B2-B70F-D18263C1375C}.Release|Any CPU.Build.0 = Release|Any CPU
	EndGlobalSection
	GlobalSection(SolutionProperties) = preSolution
		HideSolutionNode = FALSE
	EndGlobalSection
EndGlobal
